
Microsoft Visual Studio Solution File, Format Version 12.00
# Visual Studio Version 17
VisualStudioVersion = 17.14.36511.14 d17.14
MinimumVisualStudioVersion = 10.0.40219.1
Project("{8BC9CEB8-8B4A-11D0-8D11-00A0C91BC942}") = "Individual_Project", "Individual_Project\Individual_Project.vcxproj", "{02539795-3D26-4051-AD89-B06023194D4D}"
EndProject
Global
	GlobalSection(SolutionConfigurationPlatforms) = preSolution
		Debug|x64 = Debug|x64
		Debug|x86 = Debug|x86
		Release|x64 = Release|x64
		Release|x86 = Release|x86
	EndGlobalSection
	GlobalSection(ProjectConfigurationPlatforms) = postSolution
		{02539795-3D26-4051-AD89-B06023194D4D}.Debug|x64.ActiveCfg = Debug|x64
		{02539795-3D26-4051-AD89-B06023194D4D}.Debug|x64.Build.0 = Debug|x64
		{02539795-3D26-4051-AD89-B06023194D4D}.Debug|x86.ActiveCfg = Debug|Win32
		{02539795-3D26-4051-AD89-B06023194D4D}.Debug|x86.Build.0 = Debug|Win32
		{02539795-3D26-4051-AD89-B06023194D4D}.Release|x64.ActiveCfg = Release|x64
		{02539795-3D26-4051-AD89-B06023194D4D}.Release|x64.Build.0 = Release|x64
		{02539795-3D26-4051-AD89-B06023194D4D}.Release|x86.ActiveCfg = Release|Win32
		{02539795-3D26-4051-AD89-B06023194D4D}.Release|x86.Build.0 = Release|Win32
	EndGlobalSection
	GlobalSection(SolutionProperties) = preSolution
		HideSolutionNode = FALSE
	EndGlobalSection
	GlobalSection(ExtensibilityGlobals) = postSolution
		SolutionGuid = {C102B289-5E58-4658-80C0-A411ACBA36C8}
	EndGlobalSection
EndGlobal
